
Microsoft Visual Studio Solution File, Format Version 12.00
# Visual Studio Version 17
VisualStudioVersion = 17.13.35931.197
MinimumVisualStudioVersion = 10.0.40219.1
Project("{FAE04EC0-301F-11D3-BF4B-00C04F79EFBC}") = "ServiceBrokerNotification.API", "ServiceBrokerNotification.API\ServiceBrokerNotification.API.csproj", "{7C680123-6DFC-4F69-BFF8-825B5449C541}"
EndProject
Project("{FAE04EC0-301F-11D3-BF4B-00C04F79EFBC}") = "ServiceBrokerNotification.ModelChangeListener", "ServiceBrokerNotification.ModelChangeListener\ServiceBrokerNotification.ModelChangeListener.csproj", "{946D0997-6924-4143-B8AC-FE9E4D339803}"
EndProject
Global
	GlobalSection(SolutionConfigurationPlatforms) = preSolution
		Debug|Any CPU = Debug|Any CPU
		Release|Any CPU = Release|Any CPU
	EndGlobalSection
	GlobalSection(ProjectConfigurationPlatforms) = postSolution
		{7C680123-6DFC-4F69-BFF8-825B5449C541}.Debug|Any CPU.ActiveCfg = Debug|Any CPU
		{7C680123-6DFC-4F69-BFF8-825B5449C541}.Debug|Any CPU.Build.0 = Debug|Any CPU
		{7C680123-6DFC-4F69-BFF8-825B5449C541}.Release|Any CPU.ActiveCfg = Release|Any CPU
		{7C680123-6DFC-4F69-BFF8-825B5449C541}.Release|Any CPU.Build.0 = Release|Any CPU
		{946D0997-6924-4143-B8AC-FE9E4D339803}.Debug|Any CPU.ActiveCfg = Debug|Any CPU
		{946D0997-6924-4143-B8AC-FE9E4D339803}.Debug|Any CPU.Build.0 = Debug|Any CPU
		{946D0997-6924-4143-B8AC-FE9E4D339803}.Release|Any CPU.ActiveCfg = Release|Any CPU
		{946D0997-6924-4143-B8AC-FE9E4D339803}.Release|Any CPU.Build.0 = Release|Any CPU
	EndGlobalSection
	GlobalSection(SolutionProperties) = preSolution
		HideSolutionNode = FALSE
	EndGlobalSection
	GlobalSection(ExtensibilityGlobals) = postSolution
		SolutionGuid = {72C67FD0-09A7-468E-8060-A8D6CA483A0F}
	EndGlobalSection
EndGlobal
